
Microsoft Visual Studio Solution File, Format Version 12.00
# Visual Studio Version 16
VisualStudioVersion = 16.0.30225.117
MinimumVisualStudioVersion = 10.0.40219.1
Project("{FAE04EC0-301F-11D3-BF4B-00C04F79EFBC}") = "Server", "Server\Server.csproj", "{184396C7-9AB6-4967-AEAD-06802FD56829}"
EndProject
Project("{FAE04EC0-301F-11D3-BF4B-00C04F79EFBC}") = "Client", "Client\Client.csproj", "{7E49B013-14CD-433A-9D3A-9C1AF9BF69BC}"
EndProject
Global
	GlobalSection(SolutionConfigurationPlatforms) = preSolution
		Debug|Any CPU = Debug|Any CPU
		Release|Any CPU = Release|Any CPU
	EndGlobalSection
	GlobalSection(ProjectConfigurationPlatforms) = postSolution
		{184396C7-9AB6-4967-AEAD-06802FD56829}.Debug|Any CPU.ActiveCfg = Debug|Any CPU
		{184396C7-9AB6-4967-AEAD-06802FD56829}.Debug|Any CPU.Build.0 = Debug|Any CPU
		{184396C7-9AB6-4967-AEAD-06802FD56829}.Release|Any CPU.ActiveCfg = Release|Any CPU
		{184396C7-9AB6-4967-AEAD-06802FD56829}.Release|Any CPU.Build.0 = Release|Any CPU
		{7E49B013-14CD-433A-9D3A-9C1AF9BF69BC}.Debug|Any CPU.ActiveCfg = Debug|Any CPU
		{7E49B013-14CD-433A-9D3A-9C1AF9BF69BC}.Debug|Any CPU.Build.0 = Debug|Any CPU
		{7E49B013-14CD-433A-9D3A-9C1AF9BF69BC}.Release|Any CPU.ActiveCfg = Release|Any CPU
		{7E49B013-14CD-433A-9D3A-9C1AF9BF69BC}.Release|Any CPU.Build.0 = Release|Any CPU
	EndGlobalSection
	GlobalSection(SolutionProperties) = preSolution
		HideSolutionNode = FALSE
	EndGlobalSection
	GlobalSection(ExtensibilityGlobals) = postSolution
		SolutionGuid = {4F43F6A2-D280-4B22-8F97-F7E43656F3AC}
	EndGlobalSection
EndGlobal
